
Microsoft Visual Studio Solution File, Format Version 12.00
# Visual Studio 15
VisualStudioVersion = 15.0.28307.136
MinimumVisualStudioVersion = 10.0.40219.1
Project("{8BC9CEB8-8B4A-11D0-8D11-00A0C91BC942}") = "OOP_01Fediuchenko", "OPP_01Fediuchenko\OPP_01Fediuchenko.vcxproj", "{925A3392-E21E-4E50-B555-66517D316803}"
EndProject
Project("{8BC9CEB8-8B4A-11D0-8D11-00A0C91BC942}") = "OOP_02Fediuchenko", "OOP_02Fediuchenko\OOP_05Fediuchenko.vcxproj", "{579920D2-5025-4033-937C-95CA9973E186}"
EndProject
Project("{8BC9CEB8-8B4A-11D0-8D11-00A0C91BC942}") = "OOP_04Fediuchenko", "OOP_04Fediuchenko\OOP_02Fediuchenko.vcxproj", "{046BD764-BB8B-4439-8DFD-156A06D7574C}"
EndProject
Project("{8BC9CEB8-8B4A-11D0-8D11-00A0C91BC942}") = "OOP_03Fediuchenko", "OOP_03Fediuchenko\OOP_NestedProject.vcxproj", "{287274E9-3E85-4029-8259-5A1C03930924}"
EndProject
Project("{8BC9CEB8-8B4A-11D0-8D11-00A0C91BC942}") = "OOP_05Fediuchenko", "OOP_05Fediuchenko\OOP_05Fediuchenko_2019.vcxproj", "{F2C045EE-4DA8-4043-AC0E-D86EED499283}"
EndProject
Project("{8BC9CEB8-8B4A-11D0-8D11-00A0C91BC942}") = "OOP_06Fediuchenko", "OOP_06Fediuchenko\OOP_06Fediuchenko.vcxproj", "{20C607D9-D274-477B-8852-2EDECA0704EC}"
EndProject
Project("{8BC9CEB8-8B4A-11D0-8D11-00A0C91BC942}") = "OOP_07Fediuchenko", "OOP_07Fediuchenko\OOP_07Fediuchenko.vcxproj", "{5992FA3E-E561-465B-A04E-6DE016B95FCE}"
EndProject
Project("{8BC9CEB8-8B4A-11D0-8D11-00A0C91BC942}") = "OOP_08Fediuchenko", "OOP_08Fediuchenko\OOP_08Fediuchenko.vcxproj", "{4E82370A-1134-40A8-9C63-D150A65C5FED}"
EndProject
Project("{8BC9CEB8-8B4A-11D0-8D11-00A0C91BC942}") = "OOP_09Fediuchenko", "OOP_09Fediucehnko\OOP_09Fediucehnko.vcxproj", "{9F9F32DA-91E6-4A65-838B-5F4D2F47C66C}"
EndProject
Project("{8BC9CEB8-8B4A-11D0-8D11-00A0C91BC942}") = "OOP_10Fediuchenko", "OOP_10Fediuchenko\OOP_10Fediuchenko.vcxproj", "{C2BB4D34-0C0C-49D6-95A7-D63032B80E04}"
EndProject
Global
	GlobalSection(SolutionConfigurationPlatforms) = preSolution
		Debug|x64 = Debug|x64
		Debug|x86 = Debug|x86
		Release|x64 = Release|x64
		Release|x86 = Release|x86
	EndGlobalSection
	GlobalSection(ProjectConfigurationPlatforms) = postSolution
		{925A3392-E21E-4E50-B555-66517D316803}.Debug|x64.ActiveCfg = Debug|x64
		{925A3392-E21E-4E50-B555-66517D316803}.Debug|x64.Build.0 = Debug|x64
		{925A3392-E21E-4E50-B555-66517D316803}.Debug|x86.ActiveCfg = Debug|Win32
		{925A3392-E21E-4E50-B555-66517D316803}.Debug|x86.Build.0 = Debug|Win32
		{925A3392-E21E-4E50-B555-66517D316803}.Release|x64.ActiveCfg = Release|x64
		{925A3392-E21E-4E50-B555-66517D316803}.Release|x64.Build.0 = Release|x64
		{925A3392-E21E-4E50-B555-66517D316803}.Release|x86.ActiveCfg = Release|Win32
		{925A3392-E21E-4E50-B555-66517D316803}.Release|x86.Build.0 = Release|Win32
		{579920D2-5025-4033-937C-95CA9973E186}.Debug|x64.ActiveCfg = Debug|x64
		{579920D2-5025-4033-937C-95CA9973E186}.Debug|x64.Build.0 = Debug|x64
		{579920D2-5025-4033-937C-95CA9973E186}.Debug|x86.ActiveCfg = Debug|Win32
		{579920D2-5025-4033-937C-95CA9973E186}.Debug|x86.Build.0 = Debug|Win32
		{579920D2-5025-4033-937C-95CA9973E186}.Release|x64.ActiveCfg = Release|x64
		{579920D2-5025-4033-937C-95CA9973E186}.Release|x64.Build.0 = Release|x64
		{579920D2-5025-4033-937C-95CA9973E186}.Release|x86.ActiveCfg = Release|Win32
		{579920D2-5025-4033-937C-95CA9973E186}.Release|x86.Build.0 = Release|Win32
		{046BD764-BB8B-4439-8DFD-156A06D7574C}.Debug|x64.ActiveCfg = Debug|x64
		{046BD764-BB8B-4439-8DFD-156A06D7574C}.Debug|x64.Build.0 = Debug|x64
		{046BD764-BB8B-4439-8DFD-156A06D7574C}.Debug|x86.ActiveCfg = Debug|Win32
		{046BD764-BB8B-4439-8DFD-156A06D7574C}.Debug|x86.Build.0 = Debug|Win32
		{046BD764-BB8B-4439-8DFD-156A06D7574C}.Release|x64.ActiveCfg = Release|x64
		{046BD764-BB8B-4439-8DFD-156A06D7574C}.Release|x64.Build.0 = Release|x64
		{046BD764-BB8B-4439-8DFD-156A06D7574C}.Release|x86.ActiveCfg = Release|Win32
		{046BD764-BB8B-4439-8DFD-156A06D7574C}.Release|x86.Build.0 = Release|Win32
		{287274E9-3E85-4029-8259-5A1C03930924}.Debug|x64.ActiveCfg = Debug|x64
		{287274E9-3E85-4029-8259-5A1C03930924}.Debug|x64.Build.0 = Debug|x64
		{287274E9-3E85-4029-8259-5A1C03930924}.Debug|x86.ActiveCfg = Debug|Win32
		{287274E9-3E85-4029-8259-5A1C03930924}.Debug|x86.Build.0 = Debug|Win32
		{287274E9-3E85-4029-8259-5A1C03930924}.Release|x64.ActiveCfg = Release|x64
		{287274E9-3E85-4029-8259-5A1C03930924}.Release|x64.Build.0 = Release|x64
		{287274E9-3E85-4029-8259-5A1C03930924}.Release|x86.ActiveCfg = Release|Win32
		{287274E9-3E85-4029-8259-5A1C03930924}.Release|x86.Build.0 = Release|Win32
		{F2C045EE-4DA8-4043-AC0E-D86EED499283}.Debug|x64.ActiveCfg = Debug|x64
		{F2C045EE-4DA8-4043-AC0E-D86EED499283}.Debug|x64.Build.0 = Debug|x64
		{F2C045EE-4DA8-4043-AC0E-D86EED499283}.Debug|x86.ActiveCfg = Debug|Win32
		{F2C045EE-4DA8-4043-AC0E-D86EED499283}.Debug|x86.Build.0 = Debug|Win32
		{F2C045EE-4DA8-4043-AC0E-D86EED499283}.Release|x64.ActiveCfg = Release|x64
		{F2C045EE-4DA8-4043-AC0E-D86EED499283}.Release|x64.Build.0 = Release|x64
		{F2C045EE-4DA8-4043-AC0E-D86EED499283}.Release|x86.ActiveCfg = Release|Win32
		{F2C045EE-4DA8-4043-AC0E-D86EED499283}.Release|x86.Build.0 = Release|Win32
		{20C607D9-D274-477B-8852-2EDECA0704EC}.Debug|x64.ActiveCfg = Debug|x64
		{20C607D9-D274-477B-8852-2EDECA0704EC}.Debug|x64.Build.0 = Debug|x64
		{20C607D9-D274-477B-8852-2EDECA0704EC}.Debug|x86.ActiveCfg = Debug|Win32
		{20C607D9-D274-477B-8852-2EDECA0704EC}.Debug|x86.Build.0 = Debug|Win32
		{20C607D9-D274-477B-8852-2EDECA0704EC}.Release|x64.ActiveCfg = Release|x64
		{20C607D9-D274-477B-8852-2EDECA0704EC}.Release|x64.Build.0 = Release|x64
		{20C607D9-D274-477B-8852-2EDECA0704EC}.Release|x86.ActiveCfg = Release|Win32
		{20C607D9-D274-477B-8852-2EDECA0704EC}.Release|x86.Build.0 = Release|Win32
		{5992FA3E-E561-465B-A04E-6DE016B95FCE}.Debug|x64.ActiveCfg = Debug|x64
		{5992FA3E-E561-465B-A04E-6DE016B95FCE}.Debug|x64.Build.0 = Debug|x64
		{5992FA3E-E561-465B-A04E-6DE016B95FCE}.Debug|x86.ActiveCfg = Debug|Win32
		{5992FA3E-E561-465B-A04E-6DE016B95FCE}.Debug|x86.Build.0 = Debug|Win32
		{5992FA3E-E561-465B-A04E-6DE016B95FCE}.Release|x64.ActiveCfg = Release|x64
		{5992FA3E-E561-465B-A04E-6DE016B95FCE}.Release|x64.Build.0 = Release|x64
		{5992FA3E-E561-465B-A04E-6DE016B95FCE}.Release|x86.ActiveCfg = Release|Win32
		{5992FA3E-E561-465B-A04E-6DE016B95FCE}.Release|x86.Build.0 = Release|Win32
		{4E82370A-1134-40A8-9C63-D150A65C5FED}.Debug|x64.ActiveCfg = Debug|x64
		{4E82370A-1134-40A8-9C63-D150A65C5FED}.Debug|x64.Build.0 = Debug|x64
		{4E82370A-1134-40A8-9C63-D150A65C5FED}.Debug|x86.ActiveCfg = Debug|Win32
		{4E82370A-1134-40A8-9C63-D150A65C5FED}.Debug|x86.Build.0 = Debug|Win32
		{4E82370A-1134-40A8-9C63-D150A65C5FED}.Release|x64.ActiveCfg = Release|x64
		{4E82370A-1134-40A8-9C63-D150A65C5FED}.Release|x64.Build.0 = Release|x64
		{4E82370A-1134-40A8-9C63-D150A65C5FED}.Release|x86.ActiveCfg = Release|Win32
		{4E82370A-1134-40A8-9C63-D150A65C5FED}.Release|x86.Build.0 = Release|Win32
		{9F9F32DA-91E6-4A65-838B-5F4D2F47C66C}.Debug|x64.ActiveCfg = Debug|x64
		{9F9F32DA-91E6-4A65-838B-5F4D2F47C66C}.Debug|x64.Build.0 = Debug|x64
		{9F9F32DA-91E6-4A65-838B-5F4D2F47C66C}.Debug|x86.ActiveCfg = Debug|Win32
		{9F9F32DA-91E6-4A65-838B-5F4D2F47C66C}.Debug|x86.Build.0 = Debug|Win32
		{9F9F32DA-91E6-4A65-838B-5F4D2F47C66C}.Release|x64.ActiveCfg = Release|x64
		{9F9F32DA-91E6-4A65-838B-5F4D2F47C66C}.Release|x64.Build.0 = Release|x64
		{9F9F32DA-91E6-4A65-838B-5F4D2F47C66C}.Release|x86.ActiveCfg = Release|Win32
		{9F9F32DA-91E6-4A65-838B-5F4D2F47C66C}.Release|x86.Build.0 = Release|Win32
		{C2BB4D34-0C0C-49D6-95A7-D63032B80E04}.Debug|x64.ActiveCfg = Debug|x64
		{C2BB4D34-0C0C-49D6-95A7-D63032B80E04}.Debug|x64.Build.0 = Debug|x64
		{C2BB4D34-0C0C-49D6-95A7-D63032B80E04}.Debug|x86.ActiveCfg = Debug|Win32
		{C2BB4D34-0C0C-49D6-95A7-D63032B80E04}.Debug|x86.Build.0 = Debug|Win32
		{C2BB4D34-0C0C-49D6-95A7-D63032B80E04}.Release|x64.ActiveCfg = Release|x64
		{C2BB4D34-0C0C-49D6-95A7-D63032B80E04}.Release|x64.Build.0 = Release|x64
		{C2BB4D34-0C0C-49D6-95A7-D63032B80E04}.Release|x86.ActiveCfg = Release|Win32
		{C2BB4D34-0C0C-49D6-95A7-D63032B80E04}.Release|x86.Build.0 = Release|Win32
	EndGlobalSection
	GlobalSection(SolutionProperties) = preSolution
		HideSolutionNode = FALSE
	EndGlobalSection
	GlobalSection(ExtensibilityGlobals) = postSolution
		SolutionGuid = {31DC487D-1C5F-4E31-865B-C4D62BA9EE03}
	EndGlobalSection
EndGlobal
